
Microsoft Visual Studio Solution File, Format Version 12.00
# Visual Studio 15
VisualStudioVersion = 15.0.26730.12
MinimumVisualStudioVersion = 10.0.40219.1
Project("{FAE04EC0-301F-11D3-BF4B-00C04F79EFBC}") = "Demo", "Demo\Demo.csproj", "{FD166DC2-D886-473F-8A46-27848E957DFE}"
EndProject
Global
	GlobalSection(SolutionConfigurationPlatforms) = preSolution
		Debug|Any CPU = Debug|Any CPU
		Release|Any CPU = Release|Any CPU
	EndGlobalSection
	GlobalSection(ProjectConfigurationPlatforms) = postSolution
		{FD166DC2-D886-473F-8A46-27848E957DFE}.Debug|Any CPU.ActiveCfg = Debug|Any CPU
		{FD166DC2-D886-473F-8A46-27848E957DFE}.Debug|Any CPU.Build.0 = Debug|Any CPU
		{FD166DC2-D886-473F-8A46-27848E957DFE}.Release|Any CPU.ActiveCfg = Release|Any CPU
		{FD166DC2-D886-473F-8A46-27848E957DFE}.Release|Any CPU.Build.0 = Release|Any CPU
	EndGlobalSection
	GlobalSection(SolutionProperties) = preSolution
		HideSolutionNode = FALSE
	EndGlobalSection
	GlobalSection(ExtensibilityGlobals) = postSolution
		SolutionGuid = {084DA419-7162-4666-8AC6-4256B6DEAF61}
	EndGlobalSection
EndGlobal
